<?xml version="1.0" encoding="utf-8"?>
<Project ToolsVersion="4.0" xmlns="http://schemas.microsoft.com/developer/msbuild/2003">
  <ItemGroup>
    <Filter Include="源文件">
      <UniqueIdentifier>{4FC737F1-C7A5-4376-A066-2A32D752A2FF}</UniqueIdentifier>
      <Extensions>cpp;c;cc;cxx;def;odl;idl;hpj;bat;asm;asmx</Extensions>
    </Filter>
    <Filter Include="头文件">
      <UniqueIdentifier>{93995380-89BD-4b04-88EB-625FBE52EBFB}</UniqueIdentifier>
      <Extensions>h;hh;hpp;hxx;hm;inl;inc;xsd</Extensions>
    </Filter>
    <Filter Include="资源文件">
      <UniqueIdentifier>{67DA6AB6-F800-4c08-8B7A-83BB121AAD01}</UniqueIdentifier>
      <Extensions>rc;ico;cur;bmp;dlg;rc2;rct;bin;rgs;gif;jpg;jpeg;jpe;resx;tiff;tif;png;wav;mfcribbon-ms</Extensions>
    </Filter>
  </ItemGroup>
  <ItemGroup>
    <ClCompile Include="main.cpp">
      <Filter>源文件</Filter>
    </ClCompile>
    <ClCompile Include="IBGateway.cpp">
      <Filter>源文件</Filter>
    </ClCompile>
    <ClCompile Include="IBAPISPI.cpp">
      <Filter>源文件</Filter>
    </ClCompile>
    <ClCompile Include="ScannerSubscriptionSamples.cpp">
      <Filter>源文件</Filter>
    </ClCompile>
    <ClCompile Include="OrderSamples.cpp">
      <Filter>源文件</Filter>
    </ClCompile>
    <ClCompile Include="ContractSamples.cpp">
      <Filter>源文件</Filter>
    </ClCompile>
    <ClCompile Include="AvailableAlgoParams.cpp">
      <Filter>源文件</Filter>
    </ClCompile>
    <ClCompile Include="AccountSummaryTags.cpp">
      <Filter>源文件</Filter>
    </ClCompile>
    <ClCompile Include="..\..\include\eventengine.cpp">
      <Filter>源文件</Filter>
    </ClCompile>
    <ClCompile Include="ContractCondition.cpp">
      <Filter>源文件</Filter>
    </ClCompile>
    <ClCompile Include="DefaultEWrapper.cpp">
      <Filter>源文件</Filter>
    </ClCompile>
    <ClCompile Include="EClient.cpp">
      <Filter>源文件</Filter>
    </ClCompile>
    <ClCompile Include="EClientSocket.cpp">
      <Filter>源文件</Filter>
    </ClCompile>
    <ClCompile Include="EDecoder.cpp">
      <Filter>源文件</Filter>
    </ClCompile>
    <ClCompile Include="EMessage.cpp">
      <Filter>源文件</Filter>
    </ClCompile>
    <ClCompile Include="EMutex.cpp">
      <Filter>源文件</Filter>
    </ClCompile>
    <ClCompile Include="EReader.cpp">
      <Filter>源文件</Filter>
    </ClCompile>
    <ClCompile Include="EReaderOSSignal.cpp">
      <Filter>源文件</Filter>
    </ClCompile>
    <ClCompile Include="EReaderWMSignal.cpp">
      <Filter>源文件</Filter>
    </ClCompile>
    <ClCompile Include="ESocket.cpp">
      <Filter>源文件</Filter>
    </ClCompile>
    <ClCompile Include="executioncondition.cpp">
      <Filter>源文件</Filter>
    </ClCompile>
    <ClCompile Include="MarginCondition.cpp">
      <Filter>源文件</Filter>
    </ClCompile>
    <ClCompile Include="OperatorCondition.cpp">
      <Filter>源文件</Filter>
    </ClCompile>
    <ClCompile Include="OrderCondition.cpp">
      <Filter>源文件</Filter>
    </ClCompile>
    <ClCompile Include="PercentChangeCondition.cpp">
      <Filter>源文件</Filter>
    </ClCompile>
    <ClCompile Include="PriceCondition.cpp">
      <Filter>源文件</Filter>
    </ClCompile>
    <ClCompile Include="SoftDollarTier.cpp">
      <Filter>源文件</Filter>
    </ClCompile>
    <ClCompile Include="StdAfx.cpp">
      <Filter>源文件</Filter>
    </ClCompile>
    <ClCompile Include="TimeCondition.cpp">
      <Filter>源文件</Filter>
    </ClCompile>
    <ClCompile Include="VolumeCondition.cpp">
      <Filter>源文件</Filter>
    </ClCompile>
  </ItemGroup>
  <ItemGroup>
    <ClInclude Include="IBGateway.h">
      <Filter>头文件</Filter>
    </ClInclude>
    <ClInclude Include="IBAPISPI.h">
      <Filter>头文件</Filter>
    </ClInclude>
    <ClInclude Include="AccountSummaryTags.h">
      <Filter>头文件</Filter>
    </ClInclude>
    <ClInclude Include="AvailableAlgoParams.h">
      <Filter>头文件</Filter>
    </ClInclude>
    <ClInclude Include="ContractSamples.h">
      <Filter>头文件</Filter>
    </ClInclude>
    <ClInclude Include="FAMethodSamples.h">
      <Filter>头文件</Filter>
    </ClInclude>
    <ClInclude Include="OrderSamples.h">
      <Filter>头文件</Filter>
    </ClInclude>
    <ClInclude Include="ScannerSubscriptionSamples.h">
      <Filter>头文件</Filter>
    </ClInclude>
    <ClInclude Include="CommissionReport.h">
      <Filter>头文件</Filter>
    </ClInclude>
    <ClInclude Include="CommonDefs.h">
      <Filter>头文件</Filter>
    </ClInclude>
    <ClInclude Include="Contract.h">
      <Filter>头文件</Filter>
    </ClInclude>
    <ClInclude Include="ContractCondition.h">
      <Filter>头文件</Filter>
    </ClInclude>
    <ClInclude Include="DefaultEWrapper.h">
      <Filter>头文件</Filter>
    </ClInclude>
    <ClInclude Include="EClient.h">
      <Filter>头文件</Filter>
    </ClInclude>
    <ClInclude Include="EClientMsgSink.h">
      <Filter>头文件</Filter>
    </ClInclude>
    <ClInclude Include="EClientSocket.h">
      <Filter>头文件</Filter>
    </ClInclude>
    <ClInclude Include="EDecoder.h">
      <Filter>头文件</Filter>
    </ClInclude>
    <ClInclude Include="EMessage.h">
      <Filter>头文件</Filter>
    </ClInclude>
    <ClInclude Include="EMutex.h">
      <Filter>头文件</Filter>
    </ClInclude>
    <ClInclude Include="EPosixClientSocketPlatform.h">
      <Filter>头文件</Filter>
    </ClInclude>
    <ClInclude Include="EReader.h">
      <Filter>头文件</Filter>
    </ClInclude>
    <ClInclude Include="EReaderOSSignal.h">
      <Filter>头文件</Filter>
    </ClInclude>
    <ClInclude Include="EReaderSignal.h">
      <Filter>头文件</Filter>
    </ClInclude>
    <ClInclude Include="EReaderWMSignal.h">
      <Filter>头文件</Filter>
    </ClInclude>
    <ClInclude Include="ESocket.h">
      <Filter>头文件</Filter>
    </ClInclude>
    <ClInclude Include="ETransport.h">
      <Filter>头文件</Filter>
    </ClInclude>
    <ClInclude Include="EWrapper.h">
      <Filter>头文件</Filter>
    </ClInclude>
    <ClInclude Include="Execution.h">
      <Filter>头文件</Filter>
    </ClInclude>
    <ClInclude Include="executioncondition.h">
      <Filter>头文件</Filter>
    </ClInclude>
    <ClInclude Include="IExternalizable.h">
      <Filter>头文件</Filter>
    </ClInclude>
    <ClInclude Include="MarginCondition.h">
      <Filter>头文件</Filter>
    </ClInclude>
    <ClInclude Include="OperatorCondition.h">
      <Filter>头文件</Filter>
    </ClInclude>
    <ClInclude Include="Order.h">
      <Filter>头文件</Filter>
    </ClInclude>
    <ClInclude Include="OrderCondition.h">
      <Filter>头文件</Filter>
    </ClInclude>
    <ClInclude Include="OrderState.h">
      <Filter>头文件</Filter>
    </ClInclude>
    <ClInclude Include="PercentChangeCondition.h">
      <Filter>头文件</Filter>
    </ClInclude>
    <ClInclude Include="PriceCondition.h">
      <Filter>头文件</Filter>
    </ClInclude>
    <ClInclude Include="Resource.h">
      <Filter>头文件</Filter>
    </ClInclude>
    <ClInclude Include="ScannerSubscription.h">
      <Filter>头文件</Filter>
    </ClInclude>
    <ClInclude Include="shared_ptr.h">
      <Filter>头文件</Filter>
    </ClInclude>
    <ClInclude Include="SoftDollarTier.h">
      <Filter>头文件</Filter>
    </ClInclude>
    <ClInclude Include="StdAfx.h">
      <Filter>头文件</Filter>
    </ClInclude>
    <ClInclude Include="TagValue.h">
      <Filter>头文件</Filter>
    </ClInclude>
    <ClInclude Include="TimeCondition.h">
      <Filter>头文件</Filter>
    </ClInclude>
    <ClInclude Include="TwsSocketClientErrors.h">
      <Filter>头文件</Filter>
    </ClInclude>
    <ClInclude Include="VolumeCondition.h">
      <Filter>头文件</Filter>
    </ClInclude>
  </ItemGroup>
  <ItemGroup>
    <None Include="TwsSocketClient.def">
      <Filter>源文件</Filter>
    </None>
  </ItemGroup>
</Project>